{
  "name": "csvtoobject",
  "version": "1.0.0",
  "lockfileVersion": 1,
  "requires": true,
  "dependencies": {
    "csv": {
      "version": "5.0.1",
      "resolved": "https://registry.npmjs.org/csv/-/csv-5.0.1.tgz",
      "integrity": "sha512-dYvwQKgtQ9+3Ek1FLqpnnfF/AZ3W0KNhPhyKzPHtJhHt3JTZ7fs1wWvJVyOTj3rweMK8ugfNzMY9ho4I6HWbTQ==",
      "requires": {
        "csv-generate": "^3.1.0",
        "csv-parse": "^4.0.1",
        "csv-stringify": "^5.0.0",
        "stream-transform": "^1.0.7"
      }
    },
    "csv-generate": {
      "version": "3.2.0",
      "resolved": "https://registry.npmjs.org/csv-generate/-/csv-generate-3.2.0.tgz",
      "integrity": "sha512-ZdS2KrgoLxm1guL9XhuaZX223Tiorldvl9QC0M/gihcrJavNDokAp/rX3CyyRHpK+rImxEE3L47cHe7npQMkkg=="
    },
    "csv-parse": {
      "version": "4.2.0",
      "resolved": "https://registry.npmjs.org/csv-parse/-/csv-parse-4.2.0.tgz",
      "integrity": "sha512-t8KGN+ZKIYUUqXznAIZ723KI3IBILImjhN8VUfAod/VCtn/IpW3R24PYCxl81g4/z4R9DruTVyvavyiw2VRLgw=="
    },
    "csv-stringify": {
      "version": "5.1.2",
      "resolved": "https://registry.npmjs.org/csv-stringify/-/csv-stringify-5.1.2.tgz",
      "integrity": "sha512-rvNEMy8IwVe/gnCjnF4a/3cxKPm8oaAZEBB8RIzlx9HcNrLrn3NlgacUIFZBRH86tKF76WVA13nkFF0mX7G2EQ==",
      "requires": {
        "lodash.get": "~4.4.2"
      }
    },
    "dank-each": {
      "version": "1.0.0",
      "resolved": "https://registry.npmjs.org/dank-each/-/dank-each-1.0.0.tgz",
      "integrity": "sha1-qGE0Okso02IgPUBcd4ZNyaZANzA="
    },
    "dank-map": {
      "version": "0.1.0",
      "resolved": "https://registry.npmjs.org/dank-map/-/dank-map-0.1.0.tgz",
      "integrity": "sha1-6Z5384LGjy5asrPzqCuAMZV1Kag="
    },
    "fs": {
      "version": "0.0.1-security",
      "resolved": "https://registry.npmjs.org/fs/-/fs-0.0.1-security.tgz",
      "integrity": "sha1-invTcYa23d84E/I4WLV+yq9eQdQ="
    },
    "lodash": {
      "version": "4.17.11",
      "resolved": "https://registry.npmjs.org/lodash/-/lodash-4.17.11.tgz",
      "integrity": "sha512-cQKh8igo5QUhZ7lg38DYWAxMvjSAKG0A8wGSVimP07SIUEK2UO+arSRKbRZWtelMtN5V0Hkwh5ryOto/SshYIg=="
    },
    "lodash.get": {
      "version": "4.4.2",
      "resolved": "https://registry.npmjs.org/lodash.get/-/lodash.get-4.4.2.tgz",
      "integrity": "sha1-LRd/ZS+jHpObRDjVNBSZ36OCXpk="
    },
    "object-to-xml": {
      "version": "2.0.0",
      "resolved": "https://registry.npmjs.org/object-to-xml/-/object-to-xml-2.0.0.tgz",
      "integrity": "sha512-bArXy7WCF1V9R88/zF9adSZSeFQnFmmKhMqNuNLAxqrbkvzcWP8HgnaRCcVJsfvIgvpdHiYd0qzJi7LM7QFfcQ==",
      "requires": {
        "dank-each": "^1.0.0",
        "dank-map": "~0.1.0",
        "sanitizer": "0.1.3"
      }
    },
    "sanitizer": {
      "version": "0.1.3",
      "resolved": "https://registry.npmjs.org/sanitizer/-/sanitizer-0.1.3.tgz",
      "integrity": "sha1-1PCvdHXZp7ryqeWmEXGLqheKOeE="
    },
    "stream-transform": {
      "version": "1.0.8",
      "resolved": "https://registry.npmjs.org/stream-transform/-/stream-transform-1.0.8.tgz",
      "integrity": "sha512-1q+dL790Ps0NV33rISMq9OLtfDA9KMJZdo1PHZXE85orrWsM4FAh8CVyAOTHO0rhyeM138KNPngBPrx33bFsxw=="
    }
  }
}
